// !$*UTF8*$!
{
	archiveVersion = 1;
	classes = {
	};
	objectVersion = 50;
	objects = {

/* Begin PBXBuildFile section */
		28F890B3034C8378C0692212 /* Pods_VoteNote_VoteNoteUITests.framework in Frameworks */ = {isa = PBXBuildFile; fileRef = 41BEB690DF3619F4699E478F /* Pods_VoteNote_VoteNoteUITests.framework */; };
		448572AE25BF421E006C5C07 /* AppDelegate.swift in Sources */ = {isa = PBXBuildFile; fileRef = 448572AD25BF421E006C5C07 /* AppDelegate.swift */; };
		448572B025BF421E006C5C07 /* SceneDelegate.swift in Sources */ = {isa = PBXBuildFile; fileRef = 448572AF25BF421E006C5C07 /* SceneDelegate.swift */; };
		448572B225BF421E006C5C07 /* ContentView.swift in Sources */ = {isa = PBXBuildFile; fileRef = 448572B125BF421E006C5C07 /* ContentView.swift */; };
		448572B425BF4220006C5C07 /* Assets.xcassets in Resources */ = {isa = PBXBuildFile; fileRef = 448572B325BF4220006C5C07 /* Assets.xcassets */; };
		448572B725BF4220006C5C07 /* Preview Assets.xcassets in Resources */ = {isa = PBXBuildFile; fileRef = 448572B625BF4220006C5C07 /* Preview Assets.xcassets */; };
		448572C525BF4220006C5C07 /* VoteNoteTests.swift in Sources */ = {isa = PBXBuildFile; fileRef = 448572C425BF4220006C5C07 /* VoteNoteTests.swift */; };
		448572D025BF4220006C5C07 /* VoteNoteUITests.swift in Sources */ = {isa = PBXBuildFile; fileRef = 448572CF25BF4220006C5C07 /* VoteNoteUITests.swift */; };
		448572E125BF7317006C5C07 /* LoginWithSpotifyView.swift in Sources */ = {isa = PBXBuildFile; fileRef = 448572E025BF7317006C5C07 /* LoginWithSpotifyView.swift */; };
		448572E625BF737D006C5C07 /* LandingPageView.swift in Sources */ = {isa = PBXBuildFile; fileRef = 448572E525BF737D006C5C07 /* LandingPageView.swift */; };
		448572EB25BF75CE006C5C07 /* CreateRoomView.swift in Sources */ = {isa = PBXBuildFile; fileRef = 448572EA25BF75CE006C5C07 /* CreateRoomView.swift */; };
		448572F025BF7603006C5C07 /* JoinRoomView.swift in Sources */ = {isa = PBXBuildFile; fileRef = 448572EF25BF7603006C5C07 /* JoinRoomView.swift */; };
		448572F525BF7A61006C5C07 /* ProfileView.swift in Sources */ = {isa = PBXBuildFile; fileRef = 448572F425BF7A61006C5C07 /* ProfileView.swift */; };
		448572FA25BF818F006C5C07 /* Host_QueuePageView.swift in Sources */ = {isa = PBXBuildFile; fileRef = 448572F925BF818F006C5C07 /* Host_QueuePageView.swift */; };
		448572FF25BF81D5006C5C07 /* User_QueuePageView.swift in Sources */ = {isa = PBXBuildFile; fileRef = 448572FE25BF81D5006C5C07 /* User_QueuePageView.swift */; };
		4485731025BF8390006C5C07 /* Host_RoomPageView.swift in Sources */ = {isa = PBXBuildFile; fileRef = 4485730F25BF8390006C5C07 /* Host_RoomPageView.swift */; };
		4485731525BF8727006C5C07 /* User_RoomPageView.swift in Sources */ = {isa = PBXBuildFile; fileRef = 4485731425BF8727006C5C07 /* User_RoomPageView.swift */; };
		4485733425C22F0E006C5C07 /* SpotifyiOS.framework in Frameworks */ = {isa = PBXBuildFile; fileRef = 4485733325C22F0E006C5C07 /* SpotifyiOS.framework */; };
		882AFB1425C7142600D78507 /* GoogleService-Info.plist in Resources */ = {isa = PBXBuildFile; fileRef = 882AFB1325C7142600D78507 /* GoogleService-Info.plist */; };
		882AFB1525C7142600D78507 /* GoogleService-Info.plist in Resources */ = {isa = PBXBuildFile; fileRef = 882AFB1325C7142600D78507 /* GoogleService-Info.plist */; };
		882AFB1625C7142600D78507 /* GoogleService-Info.plist in Resources */ = {isa = PBXBuildFile; fileRef = 882AFB1325C7142600D78507 /* GoogleService-Info.plist */; };
		8CE5F4105CA1C11272900289 /* Pods_VoteNoteTests.framework in Frameworks */ = {isa = PBXBuildFile; fileRef = AB22CA6C8F2536ED92127FC0 /* Pods_VoteNoteTests.framework */; };
		D738F43F41913F7DF0F59E32 /* Pods_VoteNote.framework in Frameworks */ = {isa = PBXBuildFile; fileRef = 39AD64E6A738124428F8C23F /* Pods_VoteNote.framework */; };
/* End PBXBuildFile section */

/* Begin PBXContainerItemProxy section */
		448572C125BF4220006C5C07 /* PBXContainerItemProxy */ = {
			isa = PBXContainerItemProxy;
			containerPortal = 448572A225BF421E006C5C07 /* Project object */;
			proxyType = 1;
			remoteGlobalIDString = 448572A925BF421E006C5C07;
			remoteInfo = VoteNote;
		};
		448572CC25BF4220006C5C07 /* PBXContainerItemProxy */ = {
			isa = PBXContainerItemProxy;
			containerPortal = 448572A225BF421E006C5C07 /* Project object */;
			proxyType = 1;
			remoteGlobalIDString = 448572A925BF421E006C5C07;
			remoteInfo = VoteNote;
		};
/* End PBXContainerItemProxy section */

/* Begin PBXFileReference section */
		39AD64E6A738124428F8C23F /* Pods_VoteNote.framework */ = {isa = PBXFileReference; explicitFileType = wrapper.framework; includeInIndex = 0; path = Pods_VoteNote.framework; sourceTree = BUILT_PRODUCTS_DIR; };
		41BEB690DF3619F4699E478F /* Pods_VoteNote_VoteNoteUITests.framework */ = {isa = PBXFileReference; explicitFileType = wrapper.framework; includeInIndex = 0; path = Pods_VoteNote_VoteNoteUITests.framework; sourceTree = BUILT_PRODUCTS_DIR; };
		448572AA25BF421E006C5C07 /* VoteNote.app */ = {isa = PBXFileReference; explicitFileType = wrapper.application; includeInIndex = 0; path = VoteNote.app; sourceTree = BUILT_PRODUCTS_DIR; };
		448572AD25BF421E006C5C07 /* AppDelegate.swift */ = {isa = PBXFileReference; lastKnownFileType = sourcecode.swift; path = AppDelegate.swift; sourceTree = "<group>"; };
		448572AF25BF421E006C5C07 /* SceneDelegate.swift */ = {isa = PBXFileReference; lastKnownFileType = sourcecode.swift; path = SceneDelegate.swift; sourceTree = "<group>"; };
		448572B125BF421E006C5C07 /* ContentView.swift */ = {isa = PBXFileReference; lastKnownFileType = sourcecode.swift; path = ContentView.swift; sourceTree = "<group>"; };
		448572B325BF4220006C5C07 /* Assets.xcassets */ = {isa = PBXFileReference; lastKnownFileType = folder.assetcatalog; path = Assets.xcassets; sourceTree = "<group>"; };
		448572B625BF4220006C5C07 /* Preview Assets.xcassets */ = {isa = PBXFileReference; lastKnownFileType = folder.assetcatalog; path = "Preview Assets.xcassets"; sourceTree = "<group>"; };
		448572BB25BF4220006C5C07 /* Info.plist */ = {isa = PBXFileReference; lastKnownFileType = text.plist.xml; path = Info.plist; sourceTree = "<group>"; };
		448572C025BF4220006C5C07 /* VoteNoteTests.xctest */ = {isa = PBXFileReference; explicitFileType = wrapper.cfbundle; includeInIndex = 0; path = VoteNoteTests.xctest; sourceTree = BUILT_PRODUCTS_DIR; };
		448572C425BF4220006C5C07 /* VoteNoteTests.swift */ = {isa = PBXFileReference; lastKnownFileType = sourcecode.swift; path = VoteNoteTests.swift; sourceTree = "<group>"; };
		448572C625BF4220006C5C07 /* Info.plist */ = {isa = PBXFileReference; lastKnownFileType = text.plist.xml; path = Info.plist; sourceTree = "<group>"; };
		448572CB25BF4220006C5C07 /* VoteNoteUITests.xctest */ = {isa = PBXFileReference; explicitFileType = wrapper.cfbundle; includeInIndex = 0; path = VoteNoteUITests.xctest; sourceTree = BUILT_PRODUCTS_DIR; };
		448572CF25BF4220006C5C07 /* VoteNoteUITests.swift */ = {isa = PBXFileReference; lastKnownFileType = sourcecode.swift; path = VoteNoteUITests.swift; sourceTree = "<group>"; };
		448572D125BF4220006C5C07 /* Info.plist */ = {isa = PBXFileReference; lastKnownFileType = text.plist.xml; path = Info.plist; sourceTree = "<group>"; };
		448572E025BF7317006C5C07 /* LoginWithSpotifyView.swift */ = {isa = PBXFileReference; lastKnownFileType = sourcecode.swift; path = LoginWithSpotifyView.swift; sourceTree = "<group>"; };
		448572E525BF737D006C5C07 /* LandingPageView.swift */ = {isa = PBXFileReference; lastKnownFileType = sourcecode.swift; path = LandingPageView.swift; sourceTree = "<group>"; };
		448572EA25BF75CE006C5C07 /* CreateRoomView.swift */ = {isa = PBXFileReference; lastKnownFileType = sourcecode.swift; path = CreateRoomView.swift; sourceTree = "<group>"; };
		448572EF25BF7603006C5C07 /* JoinRoomView.swift */ = {isa = PBXFileReference; lastKnownFileType = sourcecode.swift; path = JoinRoomView.swift; sourceTree = "<group>"; };
		448572F425BF7A61006C5C07 /* ProfileView.swift */ = {isa = PBXFileReference; lastKnownFileType = sourcecode.swift; path = ProfileView.swift; sourceTree = "<group>"; };
		448572F925BF818F006C5C07 /* Host_QueuePageView.swift */ = {isa = PBXFileReference; lastKnownFileType = sourcecode.swift; path = Host_QueuePageView.swift; sourceTree = "<group>"; };
		448572FE25BF81D5006C5C07 /* User_QueuePageView.swift */ = {isa = PBXFileReference; lastKnownFileType = sourcecode.swift; path = User_QueuePageView.swift; sourceTree = "<group>"; };
		4485730F25BF8390006C5C07 /* Host_RoomPageView.swift */ = {isa = PBXFileReference; lastKnownFileType = sourcecode.swift; path = Host_RoomPageView.swift; sourceTree = "<group>"; };
		4485731425BF8727006C5C07 /* User_RoomPageView.swift */ = {isa = PBXFileReference; lastKnownFileType = sourcecode.swift; path = User_RoomPageView.swift; sourceTree = "<group>"; };
		4485731F25C225DD006C5C07 /* VoteNote-Bridging-Header.h */ = {isa = PBXFileReference; lastKnownFileType = sourcecode.c.h; path = "VoteNote-Bridging-Header.h"; sourceTree = "<group>"; };
		4485733325C22F0E006C5C07 /* SpotifyiOS.framework */ = {isa = PBXFileReference; lastKnownFileType = wrapper.framework; path = SpotifyiOS.framework; sourceTree = "<group>"; };
		882AFB1325C7142600D78507 /* GoogleService-Info.plist */ = {isa = PBXFileReference; fileEncoding = 4; lastKnownFileType = text.plist.xml; name = "GoogleService-Info.plist"; path = "../../../Downloads/GoogleService-Info.plist"; sourceTree = "<group>"; };
		8CF54284DFB6313ACFC903CD /* Pods-VoteNote-VoteNoteUITests.release.xcconfig */ = {isa = PBXFileReference; includeInIndex = 1; lastKnownFileType = text.xcconfig; name = "Pods-VoteNote-VoteNoteUITests.release.xcconfig"; path = "Target Support Files/Pods-VoteNote-VoteNoteUITests/Pods-VoteNote-VoteNoteUITests.release.xcconfig"; sourceTree = "<group>"; };
		AB22CA6C8F2536ED92127FC0 /* Pods_VoteNoteTests.framework */ = {isa = PBXFileReference; explicitFileType = wrapper.framework; includeInIndex = 0; path = Pods_VoteNoteTests.framework; sourceTree = BUILT_PRODUCTS_DIR; };
		BB019533ADD885C35A853F85 /* Pods-VoteNoteTests.debug.xcconfig */ = {isa = PBXFileReference; includeInIndex = 1; lastKnownFileType = text.xcconfig; name = "Pods-VoteNoteTests.debug.xcconfig"; path = "Target Support Files/Pods-VoteNoteTests/Pods-VoteNoteTests.debug.xcconfig"; sourceTree = "<group>"; };
		BC557C8AFF9E801470E70B4C /* Pods-VoteNoteTests.release.xcconfig */ = {isa = PBXFileReference; includeInIndex = 1; lastKnownFileType = text.xcconfig; name = "Pods-VoteNoteTests.release.xcconfig"; path = "Target Support Files/Pods-VoteNoteTests/Pods-VoteNoteTests.release.xcconfig"; sourceTree = "<group>"; };
		C0A005F99709DBDDD94DBECA /* Pods-VoteNote.debug.xcconfig */ = {isa = PBXFileReference; includeInIndex = 1; lastKnownFileType = text.xcconfig; name = "Pods-VoteNote.debug.xcconfig"; path = "Target Support Files/Pods-VoteNote/Pods-VoteNote.debug.xcconfig"; sourceTree = "<group>"; };
		DFC5F895CE6C547281BADABA /* Pods-VoteNote-VoteNoteUITests.debug.xcconfig */ = {isa = PBXFileReference; includeInIndex = 1; lastKnownFileType = text.xcconfig; name = "Pods-VoteNote-VoteNoteUITests.debug.xcconfig"; path = "Target Support Files/Pods-VoteNote-VoteNoteUITests/Pods-VoteNote-VoteNoteUITests.debug.xcconfig"; sourceTree = "<group>"; };
		E0CEF790B1830EB56B013F6B /* Pods-VoteNote.release.xcconfig */ = {isa = PBXFileReference; includeInIndex = 1; lastKnownFileType = text.xcconfig; name = "Pods-VoteNote.release.xcconfig"; path = "Target Support Files/Pods-VoteNote/Pods-VoteNote.release.xcconfig"; sourceTree = "<group>"; };
/* End PBXFileReference section */

/* Begin PBXFrameworksBuildPhase section */
		448572A725BF421E006C5C07 /* Frameworks */ = {
			isa = PBXFrameworksBuildPhase;
			buildActionMask = 2147483647;
			files = (
				4485733425C22F0E006C5C07 /* SpotifyiOS.framework in Frameworks */,
				D738F43F41913F7DF0F59E32 /* Pods_VoteNote.framework in Frameworks */,
			);
			runOnlyForDeploymentPostprocessing = 0;
		};
		448572BD25BF4220006C5C07 /* Frameworks */ = {
			isa = PBXFrameworksBuildPhase;
			buildActionMask = 2147483647;
			files = (
				8CE5F4105CA1C11272900289 /* Pods_VoteNoteTests.framework in Frameworks */,
			);
			runOnlyForDeploymentPostprocessing = 0;
		};
		448572C825BF4220006C5C07 /* Frameworks */ = {
			isa = PBXFrameworksBuildPhase;
			buildActionMask = 2147483647;
			files = (
				28F890B3034C8378C0692212 /* Pods_VoteNote_VoteNoteUITests.framework in Frameworks */,
			);
			runOnlyForDeploymentPostprocessing = 0;
		};
/* End PBXFrameworksBuildPhase section */

/* Begin PBXGroup section */
		448572A125BF421E006C5C07 = {
			isa = PBXGroup;
			children = (
				4485731F25C225DD006C5C07 /* VoteNote-Bridging-Header.h */,
				448572AC25BF421E006C5C07 /* VoteNote */,
				448572C325BF4220006C5C07 /* VoteNoteTests */,
				448572CE25BF4220006C5C07 /* VoteNoteUITests */,
				448572AB25BF421E006C5C07 /* Products */,
				4485731925C221A9006C5C07 /* Frameworks */,
				B2826DC3569C01554334CC54 /* Pods */,
			);
			sourceTree = "<group>";
		};
		448572AB25BF421E006C5C07 /* Products */ = {
			isa = PBXGroup;
			children = (
				448572AA25BF421E006C5C07 /* VoteNote.app */,
				448572C025BF4220006C5C07 /* VoteNoteTests.xctest */,
				448572CB25BF4220006C5C07 /* VoteNoteUITests.xctest */,
			);
			name = Products;
			sourceTree = "<group>";
		};
		448572AC25BF421E006C5C07 /* VoteNote */ = {
			isa = PBXGroup;
			children = (
				882AFB1325C7142600D78507 /* GoogleService-Info.plist */,
				448572AD25BF421E006C5C07 /* AppDelegate.swift */,
				448572AF25BF421E006C5C07 /* SceneDelegate.swift */,
				448572B125BF421E006C5C07 /* ContentView.swift */,
				448572B325BF4220006C5C07 /* Assets.xcassets */,
				448572BB25BF4220006C5C07 /* Info.plist */,
				448572B525BF4220006C5C07 /* Preview Content */,
				448572E025BF7317006C5C07 /* LoginWithSpotifyView.swift */,
				448572E525BF737D006C5C07 /* LandingPageView.swift */,
				448572EA25BF75CE006C5C07 /* CreateRoomView.swift */,
				448572EF25BF7603006C5C07 /* JoinRoomView.swift */,
				448572F425BF7A61006C5C07 /* ProfileView.swift */,
				448572F925BF818F006C5C07 /* Host_QueuePageView.swift */,
				448572FE25BF81D5006C5C07 /* User_QueuePageView.swift */,
				4485730F25BF8390006C5C07 /* Host_RoomPageView.swift */,
				4485731425BF8727006C5C07 /* User_RoomPageView.swift */,
			);
			path = VoteNote;
			sourceTree = "<group>";
		};
		448572B525BF4220006C5C07 /* Preview Content */ = {
			isa = PBXGroup;
			children = (
				448572B625BF4220006C5C07 /* Preview Assets.xcassets */,
			);
			path = "Preview Content";
			sourceTree = "<group>";
		};
		448572C325BF4220006C5C07 /* VoteNoteTests */ = {
			isa = PBXGroup;
			children = (
				448572C425BF4220006C5C07 /* VoteNoteTests.swift */,
				448572C625BF4220006C5C07 /* Info.plist */,
			);
			path = VoteNoteTests;
			sourceTree = "<group>";
		};
		448572CE25BF4220006C5C07 /* VoteNoteUITests */ = {
			isa = PBXGroup;
			children = (
				448572CF25BF4220006C5C07 /* VoteNoteUITests.swift */,
				448572D125BF4220006C5C07 /* Info.plist */,
			);
			path = VoteNoteUITests;
			sourceTree = "<group>";
		};
		4485731925C221A9006C5C07 /* Frameworks */ = {
			isa = PBXGroup;
			children = (
				4485733325C22F0E006C5C07 /* SpotifyiOS.framework */,
				39AD64E6A738124428F8C23F /* Pods_VoteNote.framework */,
				41BEB690DF3619F4699E478F /* Pods_VoteNote_VoteNoteUITests.framework */,
				AB22CA6C8F2536ED92127FC0 /* Pods_VoteNoteTests.framework */,
			);
			name = Frameworks;
			sourceTree = "<group>";
		};
		B2826DC3569C01554334CC54 /* Pods */ = {
			isa = PBXGroup;
			children = (
				C0A005F99709DBDDD94DBECA /* Pods-VoteNote.debug.xcconfig */,
				E0CEF790B1830EB56B013F6B /* Pods-VoteNote.release.xcconfig */,
				DFC5F895CE6C547281BADABA /* Pods-VoteNote-VoteNoteUITests.debug.xcconfig */,
				8CF54284DFB6313ACFC903CD /* Pods-VoteNote-VoteNoteUITests.release.xcconfig */,
				BB019533ADD885C35A853F85 /* Pods-VoteNoteTests.debug.xcconfig */,
				BC557C8AFF9E801470E70B4C /* Pods-VoteNoteTests.release.xcconfig */,
			);
			name = Pods;
			path = Pods;
			sourceTree = "<group>";
		};
/* End PBXGroup section */

/* Begin PBXNativeTarget section */
		448572A925BF421E006C5C07 /* VoteNote */ = {
			isa = PBXNativeTarget;
			buildConfigurationList = 448572D425BF4220006C5C07 /* Build configuration list for PBXNativeTarget "VoteNote" */;
			buildPhases = (
				514C0E8CF45230F13C42A6D4 /* [CP] Check Pods Manifest.lock */,
				448572A625BF421E006C5C07 /* Sources */,
				448572A725BF421E006C5C07 /* Frameworks */,
				448572A825BF421E006C5C07 /* Resources */,
				A35FCA3062DB1FC0BE276856 /* [CP] Embed Pods Frameworks */,
			);
			buildRules = (
			);
			dependencies = (
			);
			name = VoteNote;
			productName = VoteNote;
			productReference = 448572AA25BF421E006C5C07 /* VoteNote.app */;
			productType = "com.apple.product-type.application";
		};
		448572BF25BF4220006C5C07 /* VoteNoteTests */ = {
			isa = PBXNativeTarget;
			buildConfigurationList = 448572D725BF4220006C5C07 /* Build configuration list for PBXNativeTarget "VoteNoteTests" */;
			buildPhases = (
				59BD00241CA7E2F3513BFFD6 /* [CP] Check Pods Manifest.lock */,
				448572BC25BF4220006C5C07 /* Sources */,
				448572BD25BF4220006C5C07 /* Frameworks */,
				448572BE25BF4220006C5C07 /* Resources */,
			);
			buildRules = (
			);
			dependencies = (
				448572C225BF4220006C5C07 /* PBXTargetDependency */,
			);
			name = VoteNoteTests;
			productName = VoteNoteTests;
			productReference = 448572C025BF4220006C5C07 /* VoteNoteTests.xctest */;
			productType = "com.apple.product-type.bundle.unit-test";
		};
		448572CA25BF4220006C5C07 /* VoteNoteUITests */ = {
			isa = PBXNativeTarget;
			buildConfigurationList = 448572DA25BF4220006C5C07 /* Build configuration list for PBXNativeTarget "VoteNoteUITests" */;
			buildPhases = (
				E548AD293969172E684AB22C /* [CP] Check Pods Manifest.lock */,
				448572C725BF4220006C5C07 /* Sources */,
				448572C825BF4220006C5C07 /* Frameworks */,
				448572C925BF4220006C5C07 /* Resources */,
				3CFA623324544A1F12C0B40E /* [CP] Embed Pods Frameworks */,
			);
			buildRules = (
			);
			dependencies = (
				448572CD25BF4220006C5C07 /* PBXTargetDependency */,
			);
			name = VoteNoteUITests;
			productName = VoteNoteUITests;
			productReference = 448572CB25BF4220006C5C07 /* VoteNoteUITests.xctest */;
			productType = "com.apple.product-type.bundle.ui-testing";
		};
/* End PBXNativeTarget section */

/* Begin PBXProject section */
		448572A225BF421E006C5C07 /* Project object */ = {
			isa = PBXProject;
			attributes = {
				LastSwiftUpdateCheck = 1210;
				LastUpgradeCheck = 1210;
				TargetAttributes = {
					448572A925BF421E006C5C07 = {
						CreatedOnToolsVersion = 12.1;
					};
					448572BF25BF4220006C5C07 = {
						CreatedOnToolsVersion = 12.1;
						TestTargetID = 448572A925BF421E006C5C07;
					};
					448572CA25BF4220006C5C07 = {
						CreatedOnToolsVersion = 12.1;
						TestTargetID = 448572A925BF421E006C5C07;
					};
				};
			};
			buildConfigurationList = 448572A525BF421E006C5C07 /* Build configuration list for PBXProject "VoteNote" */;
			compatibilityVersion = "Xcode 9.3";
			developmentRegion = en;
			hasScannedForEncodings = 0;
			knownRegions = (
				en,
				Base,
			);
			mainGroup = 448572A125BF421E006C5C07;
			productRefGroup = 448572AB25BF421E006C5C07 /* Products */;
			projectDirPath = "";
			projectRoot = "";
			targets = (
				448572A925BF421E006C5C07 /* VoteNote */,
				448572BF25BF4220006C5C07 /* VoteNoteTests */,
				448572CA25BF4220006C5C07 /* VoteNoteUITests */,
			);
		};
/* End PBXProject section */

/* Begin PBXResourcesBuildPhase section */
		448572A825BF421E006C5C07 /* Resources */ = {
			isa = PBXResourcesBuildPhase;
			buildActionMask = 2147483647;
			files = (
				448572B725BF4220006C5C07 /* Preview Assets.xcassets in Resources */,
				448572B425BF4220006C5C07 /* Assets.xcassets in Resources */,
				882AFB1425C7142600D78507 /* GoogleService-Info.plist in Resources */,
			);
			runOnlyForDeploymentPostprocessing = 0;
		};
		448572BE25BF4220006C5C07 /* Resources */ = {
			isa = PBXResourcesBuildPhase;
			buildActionMask = 2147483647;
			files = (
				882AFB1525C7142600D78507 /* GoogleService-Info.plist in Resources */,
			);
			runOnlyForDeploymentPostprocessing = 0;
		};
		448572C925BF4220006C5C07 /* Resources */ = {
			isa = PBXResourcesBuildPhase;
			buildActionMask = 2147483647;
			files = (
				882AFB1625C7142600D78507 /* GoogleService-Info.plist in Resources */,
			);
			runOnlyForDeploymentPostprocessing = 0;
		};
/* End PBXResourcesBuildPhase section */

/* Begin PBXShellScriptBuildPhase section */
		3CFA623324544A1F12C0B40E /* [CP] Embed Pods Frameworks */ = {
			isa = PBXShellScriptBuildPhase;
			buildActionMask = 2147483647;
			files = (
			);
			inputFileListPaths = (
				"${PODS_ROOT}/Target Support Files/Pods-VoteNote-VoteNoteUITests/Pods-VoteNote-VoteNoteUITests-frameworks-${CONFIGURATION}-input-files.xcfilelist",
			);
			name = "[CP] Embed Pods Frameworks";
			outputFileListPaths = (
				"${PODS_ROOT}/Target Support Files/Pods-VoteNote-VoteNoteUITests/Pods-VoteNote-VoteNoteUITests-frameworks-${CONFIGURATION}-output-files.xcfilelist",
			);
			runOnlyForDeploymentPostprocessing = 0;
			shellPath = /bin/sh;
			shellScript = "\"${PODS_ROOT}/Target Support Files/Pods-VoteNote-VoteNoteUITests/Pods-VoteNote-VoteNoteUITests-frameworks.sh\"\n";
			showEnvVarsInLog = 0;
		};
		514C0E8CF45230F13C42A6D4 /* [CP] Check Pods Manifest.lock */ = {
			isa = PBXShellScriptBuildPhase;
			buildActionMask = 2147483647;
			files = (
			);
			inputFileListPaths = (
			);
			inputPaths = (
				"${PODS_PODFILE_DIR_PATH}/Podfile.lock",
				"${PODS_ROOT}/Manifest.lock",
			);
			name = "[CP] Check Pods Manifest.lock";
			outputFileListPaths = (
			);
			outputPaths = (
				"$(DERIVED_FILE_DIR)/Pods-VoteNote-checkManifestLockResult.txt",
			);
			runOnlyForDeploymentPostprocessing = 0;
			shellPath = /bin/sh;
			shellScript = "diff \"${PODS_PODFILE_DIR_PATH}/Podfile.lock\" \"${PODS_ROOT}/Manifest.lock\" > /dev/null\nif [ $? != 0 ] ; then\n    # print error to STDERR\n    echo \"error: The sandbox is not in sync with the Podfile.lock. Run 'pod install' or update your CocoaPods installation.\" >&2\n    exit 1\nfi\n# This output is used by Xcode 'outputs' to avoid re-running this script phase.\necho \"SUCCESS\" > \"${SCRIPT_OUTPUT_FILE_0}\"\n";
			showEnvVarsInLog = 0;
		};
		59BD00241CA7E2F3513BFFD6 /* [CP] Check Pods Manifest.lock */ = {
			isa = PBXShellScriptBuildPhase;
			buildActionMask = 2147483647;
			files = (
			);
			inputFileListPaths = (
			);
			inputPaths = (
				"${PODS_PODFILE_DIR_PATH}/Podfile.lock",
				"${PODS_ROOT}/Manifest.lock",
			);
			name = "[CP] Check Pods Manifest.lock";
			outputFileListPaths = (
			);
			outputPaths = (
				"$(DERIVED_FILE_DIR)/Pods-VoteNoteTests-checkManifestLockResult.txt",
			);
			runOnlyForDeploymentPostprocessing = 0;
			shellPath = /bin/sh;
			shellScript = "diff \"${PODS_PODFILE_DIR_PATH}/Podfile.lock\" \"${PODS_ROOT}/Manifest.lock\" > /dev/null\nif [ $? != 0 ] ; then\n    # print error to STDERR\n    echo \"error: The sandbox is not in sync with the Podfile.lock. Run 'pod install' or update your CocoaPods installation.\" >&2\n    exit 1\nfi\n# This output is used by Xcode 'outputs' to avoid re-running this script phase.\necho \"SUCCESS\" > \"${SCRIPT_OUTPUT_FILE_0}\"\n";
			showEnvVarsInLog = 0;
		};
		A35FCA3062DB1FC0BE276856 /* [CP] Embed Pods Frameworks */ = {
			isa = PBXShellScriptBuildPhase;
			buildActionMask = 2147483647;
			files = (
			);
			inputFileListPaths = (
				"${PODS_ROOT}/Target Support Files/Pods-VoteNote/Pods-VoteNote-frameworks-${CONFIGURATION}-input-files.xcfilelist",
			);
			name = "[CP] Embed Pods Frameworks";
			outputFileListPaths = (
				"${PODS_ROOT}/Target Support Files/Pods-VoteNote/Pods-VoteNote-frameworks-${CONFIGURATION}-output-files.xcfilelist",
			);
			runOnlyForDeploymentPostprocessing = 0;
			shellPath = /bin/sh;
			shellScript = "\"${PODS_ROOT}/Target Support Files/Pods-VoteNote/Pods-VoteNote-frameworks.sh\"\n";
			showEnvVarsInLog = 0;
		};
		E548AD293969172E684AB22C /* [CP] Check Pods Manifest.lock */ = {
			isa = PBXShellScriptBuildPhase;
			buildActionMask = 2147483647;
			files = (
			);
			inputFileListPaths = (
			);
			inputPaths = (
				"${PODS_PODFILE_DIR_PATH}/Podfile.lock",
				"${PODS_ROOT}/Manifest.lock",
			);
			name = "[CP] Check Pods Manifest.lock";
			outputFileListPaths = (
			);
			outputPaths = (
				"$(DERIVED_FILE_DIR)/Pods-VoteNote-VoteNoteUITests-checkManifestLockResult.txt",
			);
			runOnlyForDeploymentPostprocessing = 0;
			shellPath = /bin/sh;
			shellScript = "diff \"${PODS_PODFILE_DIR_PATH}/Podfile.lock\" \"${PODS_ROOT}/Manifest.lock\" > /dev/null\nif [ $? != 0 ] ; then\n    # print error to STDERR\n    echo \"error: The sandbox is not in sync with the Podfile.lock. Run 'pod install' or update your CocoaPods installation.\" >&2\n    exit 1\nfi\n# This output is used by Xcode 'outputs' to avoid re-running this script phase.\necho \"SUCCESS\" > \"${SCRIPT_OUTPUT_FILE_0}\"\n";
			showEnvVarsInLog = 0;
		};
/* End PBXShellScriptBuildPhase section */

/* Begin PBXSourcesBuildPhase section */
		448572A625BF421E006C5C07 /* Sources */ = {
			isa = PBXSourcesBuildPhase;
			buildActionMask = 2147483647;
			files = (
				448572FF25BF81D5006C5C07 /* User_QueuePageView.swift in Sources */,
				4485731525BF8727006C5C07 /* User_RoomPageView.swift in Sources */,
				448572F525BF7A61006C5C07 /* ProfileView.swift in Sources */,
				448572AE25BF421E006C5C07 /* AppDelegate.swift in Sources */,
				448572B025BF421E006C5C07 /* SceneDelegate.swift in Sources */,
				448572F025BF7603006C5C07 /* JoinRoomView.swift in Sources */,
				448572E625BF737D006C5C07 /* LandingPageView.swift in Sources */,
				448572EB25BF75CE006C5C07 /* CreateRoomView.swift in Sources */,
				448572FA25BF818F006C5C07 /* Host_QueuePageView.swift in Sources */,
				4485731025BF8390006C5C07 /* Host_RoomPageView.swift in Sources */,
				448572B225BF421E006C5C07 /* ContentView.swift in Sources */,
				448572E125BF7317006C5C07 /* LoginWithSpotifyView.swift in Sources */,
			);
			runOnlyForDeploymentPostprocessing = 0;
		};
		448572BC25BF4220006C5C07 /* Sources */ = {
			isa = PBXSourcesBuildPhase;
			buildActionMask = 2147483647;
			files = (
				448572C525BF4220006C5C07 /* VoteNoteTests.swift in Sources */,
			);
			runOnlyForDeploymentPostprocessing = 0;
		};
		448572C725BF4220006C5C07 /* Sources */ = {
			isa = PBXSourcesBuildPhase;
			buildActionMask = 2147483647;
			files = (
				448572D025BF4220006C5C07 /* VoteNoteUITests.swift in Sources */,
			);
			runOnlyForDeploymentPostprocessing = 0;
		};
/* End PBXSourcesBuildPhase section */

/* Begin PBXTargetDependency section */
		448572C225BF4220006C5C07 /* PBXTargetDependency */ = {
			isa = PBXTargetDependency;
			target = 448572A925BF421E006C5C07 /* VoteNote */;
			targetProxy = 448572C125BF4220006C5C07 /* PBXContainerItemProxy */;
		};
		448572CD25BF4220006C5C07 /* PBXTargetDependency */ = {
			isa = PBXTargetDependency;
			target = 448572A925BF421E006C5C07 /* VoteNote */;
			targetProxy = 448572CC25BF4220006C5C07 /* PBXContainerItemProxy */;
		};
/* End PBXTargetDependency section */

/* Begin XCBuildConfiguration section */
		448572D225BF4220006C5C07 /* Debug */ = {
			isa = XCBuildConfiguration;
			buildSettings = {
				ALWAYS_SEARCH_USER_PATHS = NO;
				CLANG_ANALYZER_NONNULL = YES;
				CLANG_ANALYZER_NUMBER_OBJECT_CONVERSION = YES_AGGRESSIVE;
				CLANG_CXX_LANGUAGE_STANDARD = "gnu++14";
				CLANG_CXX_LIBRARY = "libc++";
				CLANG_ENABLE_MODULES = YES;
				CLANG_ENABLE_OBJC_ARC = YES;
				CLANG_ENABLE_OBJC_WEAK = YES;
				CLANG_WARN_BLOCK_CAPTURE_AUTORELEASING = YES;
				CLANG_WARN_BOOL_CONVERSION = YES;
				CLANG_WARN_COMMA = YES;
				CLANG_WARN_CONSTANT_CONVERSION = YES;
				CLANG_WARN_DEPRECATED_OBJC_IMPLEMENTATIONS = YES;
				CLANG_WARN_DIRECT_OBJC_ISA_USAGE = YES_ERROR;
				CLANG_WARN_DOCUMENTATION_COMMENTS = YES;
				CLANG_WARN_EMPTY_BODY = YES;
				CLANG_WARN_ENUM_CONVERSION = YES;
				CLANG_WARN_INFINITE_RECURSION = YES;
				CLANG_WARN_INT_CONVERSION = YES;
				CLANG_WARN_NON_LITERAL_NULL_CONVERSION = YES;
				CLANG_WARN_OBJC_IMPLICIT_RETAIN_SELF = YES;
				CLANG_WARN_OBJC_LITERAL_CONVERSION = YES;
				CLANG_WARN_OBJC_ROOT_CLASS = YES_ERROR;
				CLANG_WARN_QUOTED_INCLUDE_IN_FRAMEWORK_HEADER = YES;
				CLANG_WARN_RANGE_LOOP_ANALYSIS = YES;
				CLANG_WARN_STRICT_PROTOTYPES = YES;
				CLANG_WARN_SUSPICIOUS_MOVE = YES;
				CLANG_WARN_UNGUARDED_AVAILABILITY = YES_AGGRESSIVE;
				CLANG_WARN_UNREACHABLE_CODE = YES;
				CLANG_WARN__DUPLICATE_METHOD_MATCH = YES;
				COPY_PHASE_STRIP = NO;
				DEBUG_INFORMATION_FORMAT = dwarf;
				ENABLE_STRICT_OBJC_MSGSEND = YES;
				ENABLE_TESTABILITY = YES;
				GCC_C_LANGUAGE_STANDARD = gnu11;
				GCC_DYNAMIC_NO_PIC = NO;
				GCC_NO_COMMON_BLOCKS = YES;
				GCC_OPTIMIZATION_LEVEL = 0;
				GCC_PREPROCESSOR_DEFINITIONS = (
					"DEBUG=1",
					"$(inherited)",
				);
				GCC_WARN_64_TO_32_BIT_CONVERSION = YES;
				GCC_WARN_ABOUT_RETURN_TYPE = YES_ERROR;
				GCC_WARN_UNDECLARED_SELECTOR = YES;
				GCC_WARN_UNINITIALIZED_AUTOS = YES_AGGRESSIVE;
				GCC_WARN_UNUSED_FUNCTION = YES;
				GCC_WARN_UNUSED_VARIABLE = YES;
				IPHONEOS_DEPLOYMENT_TARGET = 14.1;
				MTL_ENABLE_DEBUG_INFO = INCLUDE_SOURCE;
				MTL_FAST_MATH = YES;
				ONLY_ACTIVE_ARCH = YES;
				SDKROOT = iphoneos;
				SWIFT_ACTIVE_COMPILATION_CONDITIONS = DEBUG;
				SWIFT_OPTIMIZATION_LEVEL = "-Onone";
			};
			name = Debug;
		};
		448572D325BF4220006C5C07 /* Release */ = {
			isa = XCBuildConfiguration;
			buildSettings = {
				ALWAYS_SEARCH_USER_PATHS = NO;
				CLANG_ANALYZER_NONNULL = YES;
				CLANG_ANALYZER_NUMBER_OBJECT_CONVERSION = YES_AGGRESSIVE;
				CLANG_CXX_LANGUAGE_STANDARD = "gnu++14";
				CLANG_CXX_LIBRARY = "libc++";
				CLANG_ENABLE_MODULES = YES;
				CLANG_ENABLE_OBJC_ARC = YES;
				CLANG_ENABLE_OBJC_WEAK = YES;
				CLANG_WARN_BLOCK_CAPTURE_AUTORELEASING = YES;
				CLANG_WARN_BOOL_CONVERSION = YES;
				CLANG_WARN_COMMA = YES;
				CLANG_WARN_CONSTANT_CONVERSION = YES;
				CLANG_WARN_DEPRECATED_OBJC_IMPLEMENTATIONS = YES;
				CLANG_WARN_DIRECT_OBJC_ISA_USAGE = YES_ERROR;
				CLANG_WARN_DOCUMENTATION_COMMENTS = YES;
				CLANG_WARN_EMPTY_BODY = YES;
				CLANG_WARN_ENUM_CONVERSION = YES;
				CLANG_WARN_INFINITE_RECURSION = YES;
				CLANG_WARN_INT_CONVERSION = YES;
				CLANG_WARN_NON_LITERAL_NULL_CONVERSION = YES;
				CLANG_WARN_OBJC_IMPLICIT_RETAIN_SELF = YES;
				CLANG_WARN_OBJC_LITERAL_CONVERSION = YES;
				CLANG_WARN_OBJC_ROOT_CLASS = YES_ERROR;
				CLANG_WARN_QUOTED_INCLUDE_IN_FRAMEWORK_HEADER = YES;
				CLANG_WARN_RANGE_LOOP_ANALYSIS = YES;
				CLANG_WARN_STRICT_PROTOTYPES = YES;
				CLANG_WARN_SUSPICIOUS_MOVE = YES;
				CLANG_WARN_UNGUARDED_AVAILABILITY = YES_AGGRESSIVE;
				CLANG_WARN_UNREACHABLE_CODE = YES;
				CLANG_WARN__DUPLICATE_METHOD_MATCH = YES;
				COPY_PHASE_STRIP = NO;
				DEBUG_INFORMATION_FORMAT = "dwarf-with-dsym";
				ENABLE_NS_ASSERTIONS = NO;
				ENABLE_STRICT_OBJC_MSGSEND = YES;
				GCC_C_LANGUAGE_STANDARD = gnu11;
				GCC_NO_COMMON_BLOCKS = YES;
				GCC_WARN_64_TO_32_BIT_CONVERSION = YES;
				GCC_WARN_ABOUT_RETURN_TYPE = YES_ERROR;
				GCC_WARN_UNDECLARED_SELECTOR = YES;
				GCC_WARN_UNINITIALIZED_AUTOS = YES_AGGRESSIVE;
				GCC_WARN_UNUSED_FUNCTION = YES;
				GCC_WARN_UNUSED_VARIABLE = YES;
				IPHONEOS_DEPLOYMENT_TARGET = 14.1;
				MTL_ENABLE_DEBUG_INFO = NO;
				MTL_FAST_MATH = YES;
				SDKROOT = iphoneos;
				SWIFT_COMPILATION_MODE = wholemodule;
				SWIFT_OPTIMIZATION_LEVEL = "-O";
				VALIDATE_PRODUCT = YES;
			};
			name = Release;
		};
		448572D525BF4220006C5C07 /* Debug */ = {
			isa = XCBuildConfiguration;
			baseConfigurationReference = C0A005F99709DBDDD94DBECA /* Pods-VoteNote.debug.xcconfig */;
			buildSettings = {
				ASSETCATALOG_COMPILER_APPICON_NAME = AppIcon;
				ASSETCATALOG_COMPILER_GLOBAL_ACCENT_COLOR_NAME = AccentColor;
				CODE_SIGN_STYLE = Automatic;
				DEVELOPMENT_ASSET_PATHS = "\"VoteNote/Preview Content\"";
				DEVELOPMENT_TEAM = 74YMV2J9D7;
				ENABLE_PREVIEWS = YES;
				FRAMEWORK_SEARCH_PATHS = (
					"$(inherited)",
					"$(PROJECT_DIR)",
				);
				INFOPLIST_FILE = VoteNote/Info.plist;
				LD_RUNPATH_SEARCH_PATHS = (
					"$(inherited)",
					"@executable_path/Frameworks",
				);
				OTHER_LDFLAGS = "-ObjC";
				PRODUCT_BUNDLE_IDENTIFIER = VoteNote.VoteNote;
				PRODUCT_NAME = "$(TARGET_NAME)";
				SWIFT_OBJC_BRIDGING_HEADER = "VoteNote-Bridging-Header.h";
				SWIFT_VERSION = 5.0;
				TARGETED_DEVICE_FAMILY = "1,2";
			};
			name = Debug;
		};
		448572D625BF4220006C5C07 /* Release */ = {
			isa = XCBuildConfiguration;
			baseConfigurationReference = E0CEF790B1830EB56B013F6B /* Pods-VoteNote.release.xcconfig */;
			buildSettings = {
				ASSETCATALOG_COMPILER_APPICON_NAME = AppIcon;
				ASSETCATALOG_COMPILER_GLOBAL_ACCENT_COLOR_NAME = AccentColor;
				CODE_SIGN_STYLE = Automatic;
				DEVELOPMENT_ASSET_PATHS = "\"VoteNote/Preview Content\"";
				DEVELOPMENT_TEAM = 74YMV2J9D7;
				ENABLE_PREVIEWS = YES;
				FRAMEWORK_SEARCH_PATHS = (
					"$(inherited)",
					"$(PROJECT_DIR)",
				);
				INFOPLIST_FILE = VoteNote/Info.plist;
				LD_RUNPATH_SEARCH_PATHS = (
					"$(inherited)",
					"@executable_path/Frameworks",
				);
				OTHER_LDFLAGS = "-ObjC";
				PRODUCT_BUNDLE_IDENTIFIER = VoteNote.VoteNote;
				PRODUCT_NAME = "$(TARGET_NAME)";
				SWIFT_OBJC_BRIDGING_HEADER = "VoteNote-Bridging-Header.h";
				SWIFT_VERSION = 5.0;
				TARGETED_DEVICE_FAMILY = "1,2";
			};
			name = Release;
		};
		448572D825BF4220006C5C07 /* Debug */ = {
			isa = XCBuildConfiguration;
			baseConfigurationReference = BB019533ADD885C35A853F85 /* Pods-VoteNoteTests.debug.xcconfig */;
			buildSettings = {
				ALWAYS_EMBED_SWIFT_STANDARD_LIBRARIES = YES;
				BUNDLE_LOADER = "$(TEST_HOST)";
				CODE_SIGN_STYLE = Automatic;
				DEVELOPMENT_TEAM = 74YMV2J9D7;
				INFOPLIST_FILE = VoteNoteTests/Info.plist;
				IPHONEOS_DEPLOYMENT_TARGET = 14.1;
				LD_RUNPATH_SEARCH_PATHS = (
					"$(inherited)",
					"@executable_path/Frameworks",
					"@loader_path/Frameworks",
				);
				PRODUCT_BUNDLE_IDENTIFIER = VoteNote.VoteNoteTests;
				PRODUCT_NAME = "$(TARGET_NAME)";
				SWIFT_VERSION = 5.0;
				TARGETED_DEVICE_FAMILY = "1,2";
				TEST_HOST = "$(BUILT_PRODUCTS_DIR)/VoteNote.app/VoteNote";
			};
			name = Debug;
		};
		448572D925BF4220006C5C07 /* Release */ = {
			isa = XCBuildConfiguration;
			baseConfigurationReference = BC557C8AFF9E801470E70B4C /* Pods-VoteNoteTests.release.xcconfig */;
			buildSettings = {
				ALWAYS_EMBED_SWIFT_STANDARD_LIBRARIES = YES;
				BUNDLE_LOADER = "$(TEST_HOST)";
				CODE_SIGN_STYLE = Automatic;
				DEVELOPMENT_TEAM = 74YMV2J9D7;
				INFOPLIST_FILE = VoteNoteTests/Info.plist;
				IPHONEOS_DEPLOYMENT_TARGET = 14.1;
				LD_RUNPATH_SEARCH_PATHS = (
					"$(inherited)",
					"@executable_path/Frameworks",
					"@loader_path/Frameworks",
				);
				PRODUCT_BUNDLE_IDENTIFIER = VoteNote.VoteNoteTests;
				PRODUCT_NAME = "$(TARGET_NAME)";
				SWIFT_VERSION = 5.0;
				TARGETED_DEVICE_FAMILY = "1,2";
				TEST_HOST = "$(BUILT_PRODUCTS_DIR)/VoteNote.app/VoteNote";
			};
			name = Release;
		};
		448572DB25BF4220006C5C07 /* Debug */ = {
			isa = XCBuildConfiguration;
			baseConfigurationReference = DFC5F895CE6C547281BADABA /* Pods-VoteNote-VoteNoteUITests.debug.xcconfig */;
			buildSettings = {
				ALWAYS_EMBED_SWIFT_STANDARD_LIBRARIES = YES;
				CODE_SIGN_STYLE = Automatic;
				DEVELOPMENT_TEAM = 74YMV2J9D7;
				INFOPLIST_FILE = VoteNoteUITests/Info.plist;
				LD_RUNPATH_SEARCH_PATHS = (
					"$(inherited)",
					"@executable_path/Frameworks",
					"@loader_path/Frameworks",
				);
				PRODUCT_BUNDLE_IDENTIFIER = VoteNote.VoteNoteUITests;
				PRODUCT_NAME = "$(TARGET_NAME)";
				SWIFT_VERSION = 5.0;
				TARGETED_DEVICE_FAMILY = "1,2";
				TEST_TARGET_NAME = VoteNote;
			};
			name = Debug;
		};
		448572DC25BF4220006C5C07 /* Release */ = {
			isa = XCBuildConfiguration;
			baseConfigurationReference = 8CF54284DFB6313ACFC903CD /* Pods-VoteNote-VoteNoteUITests.release.xcconfig */;
			buildSettings = {
				ALWAYS_EMBED_SWIFT_STANDARD_LIBRARIES = YES;
				CODE_SIGN_STYLE = Automatic;
				DEVELOPMENT_TEAM = 74YMV2J9D7;
				INFOPLIST_FILE = VoteNoteUITests/Info.plist;
				LD_RUNPATH_SEARCH_PATHS = (
					"$(inherited)",
					"@executable_path/Frameworks",
					"@loader_path/Frameworks",
				);
				PRODUCT_BUNDLE_IDENTIFIER = VoteNote.VoteNoteUITests;
				PRODUCT_NAME = "$(TARGET_NAME)";
				SWIFT_VERSION = 5.0;
				TARGETED_DEVICE_FAMILY = "1,2";
				TEST_TARGET_NAME = VoteNote;
			};
			name = Release;
		};
/* End XCBuildConfiguration section */

/* Begin XCConfigurationList section */
		448572A525BF421E006C5C07 /* Build configuration list for PBXProject "VoteNote" */ = {
			isa = XCConfigurationList;
			buildConfigurations = (
				448572D225BF4220006C5C07 /* Debug */,
				448572D325BF4220006C5C07 /* Release */,
			);
			defaultConfigurationIsVisible = 0;
			defaultConfigurationName = Release;
		};
		448572D425BF4220006C5C07 /* Build configuration list for PBXNativeTarget "VoteNote" */ = {
			isa = XCConfigurationList;
			buildConfigurations = (
				448572D525BF4220006C5C07 /* Debug */,
				448572D625BF4220006C5C07 /* Release */,
			);
			defaultConfigurationIsVisible = 0;
			defaultConfigurationName = Release;
		};
		448572D725BF4220006C5C07 /* Build configuration list for PBXNativeTarget "VoteNoteTests" */ = {
			isa = XCConfigurationList;
			buildConfigurations = (
				448572D825BF4220006C5C07 /* Debug */,
				448572D925BF4220006C5C07 /* Release */,
			);
			defaultConfigurationIsVisible = 0;
			defaultConfigurationName = Release;
		};
		448572DA25BF4220006C5C07 /* Build configuration list for PBXNativeTarget "VoteNoteUITests" */ = {
			isa = XCConfigurationList;
			buildConfigurations = (
				448572DB25BF4220006C5C07 /* Debug */,
				448572DC25BF4220006C5C07 /* Release */,
			);
			defaultConfigurationIsVisible = 0;
			defaultConfigurationName = Release;
		};
/* End XCConfigurationList section */
	};
	rootObject = 448572A225BF421E006C5C07 /* Project object */;
}
